lockfileVersion: '9.0'

settings:
  autoInstallPeers: true
  excludeLinksFromLockfile: false

importers:

  .:
    devDependencies:
      '@openai/codex':
        specifier: ^0.149.0
        version: 0.149.0

packages:

  '@openai/codex@0.149.0':
    resolution: {integrity: sha512-i4dryj2Y1j+00Mb5n+0n71EYnTK9/KDc2cdFo/dXD0d1oTog2bhUssKDEIOnKmnEf51P0Z/HJTWvTKw/UHyOvQ==}
    engines: {node: '>=16'}
    hasBin: true

  '@openai/codex@0.149.0-darwin-arm64':
    resolution: {integrity: sha512-GsZJbzBWiD48RETrO8VHGAQNgfSrUVxItXZFeD87wswatPi0+lKuQo8Dx4nMYmOZhZrVtwr3al/feRrZxnDV8Q==}
    engines: {node: '>=16'}
    cpu: [arm64]
    os: [darwin]

  '@openai/codex@0.149.0-darwin-x64':
    resolution: {integrity: sha512-H+mMgW3Nhc5QzGWEklCoFqACuOc0cVpgPkPQRw0LShoK7P5664T6BRnyl1yzT6orKPKv49cXry7DIWWZ19SanQ==}
    engines: {node: '>=16'}
    cpu: [x64]
    os: [darwin]

  '@openai/codex@0.149.0-linux-arm64':
    resolution: {integrity: sha512-fAXPpvIob+11RNZJS9CVVTsKb+V4Hw3woGFPj42D7fU2wBJUKI2jfAc4fLJNtrpwRecLeW601mtkMHOSIbWuuA==}
    engines: {node: '>=16'}
    cpu: [arm64]
    os: [linux]

  '@openai/codex@0.149.0-linux-x64':
    resolution: {integrity: sha512-uZXaN9JPxu0/jjnqqJeTd4kRYPnjVZK3MiVndfG1mHhEaoDKL7ScWHfPqvAEOjwsSDEmQSlMfUkmvYp/CHciYw==}
    engines: {node: '>=16'}
    cpu: [x64]
    os: [linux]

  '@openai/codex@0.149.0-win32-arm64':
    resolution: {integrity: sha512-pUd8MzuwtqT5DhM1NUE1gETWIZ9fkDA1XB7tt9YNIi/peUgLuziQgZd7o0bNON4cNzgbil1YUN1qDTgQm0g3pg==}
    engines: {node: '>=16'}
    cpu: [arm64]
    os: [win32]

  '@openai/codex@0.149.0-win32-x64':
    resolution: {integrity: sha512-qKbwSOOO/fdhQ5MlXE2fts6taPxRPZ/zqeC+eqHD72hLRymV9rFCUbUxOCquognUPRPvS/2/kRCV0UVhoDd3yQ==}
    engines: {node: '>=16'}
    cpu: [x64]
    os: [win32]

snapshots:

  '@openai/codex@0.149.0':
    optionalDependencies:
      '@openai/codex-darwin-arm64': '@openai/codex@0.149.0-darwin-arm64'
      '@openai/codex-darwin-x64': '@openai/codex@0.149.0-darwin-x64'
      '@openai/codex-linux-arm64': '@openai/codex@0.149.0-linux-arm64'
      '@openai/codex-linux-x64': '@openai/codex@0.149.0-linux-x64'
      '@openai/codex-win32-arm64': '@openai/codex@0.149.0-win32-arm64'
      '@openai/codex-win32-x64': '@openai/codex@0.149.0-win32-x64'

  '@openai/codex@0.149.0-darwin-arm64':
    optional: true

  '@openai/codex@0.149.0-darwin-x64':
    optional: true

  '@openai/codex@0.149.0-linux-arm64':
    optional: true

  '@openai/codex@0.149.0-linux-x64':
    optional: true

  '@openai/codex@0.149.0-win32-arm64':
    optional: true

  '@openai/codex@0.149.0-win32-x64':
    optional: true
